// !$*UTF8*$!
{
	archiveVersion = 1;
	classes = {
	};
	objectVersion = 50;
	objects = {

/* Begin PBXBuildFile section */
		F00AE4E624AF4C8000499212 /* ListTableViewCell.swift in Sources */ = {isa = PBXBuildFile; fileRef = F00AE4E524AF4C8000499212 /* ListTableViewCell.swift */; };
		F00D9E1E24AC65AA00EDB5AE /* EUDetailTableViewController.swift in Sources */ = {isa = PBXBuildFile; fileRef = F00D9E1D24AC65AA00EDB5AE /* EUDetailTableViewController.swift */; };
		F00D9E2224ACCE7800EDB5AE /* MemberItem.swift in Sources */ = {isa = PBXBuildFile; fileRef = F00D9E2124ACCE7800EDB5AE /* MemberItem.swift */; };
		F0DB457B24AB5068002B5A8E /* AppDelegate.swift in Sources */ = {isa = PBXBuildFile; fileRef = F0DB457A24AB5068002B5A8E /* AppDelegate.swift */; };
		F0DB457D24AB5068002B5A8E /* SceneDelegate.swift in Sources */ = {isa = PBXBuildFile; fileRef = F0DB457C24AB5068002B5A8E /* SceneDelegate.swift */; };
		F0DB457F24AB5068002B5A8E /* ViewController.swift in Sources */ = {isa = PBXBuildFile; fileRef = F0DB457E24AB5068002B5A8E /* ViewController.swift */; };
		F0DB458224AB5068002B5A8E /* Main.storyboard in Resources */ = {isa = PBXBuildFile; fileRef = F0DB458024AB5068002B5A8E /* Main.storyboard */; };
		F0DB458424AB5069002B5A8E /* Assets.xcassets in Resources */ = {isa = PBXBuildFile; fileRef = F0DB458324AB5069002B5A8E /* Assets.xcassets */; };
		F0DB458724AB5069002B5A8E /* LaunchScreen.storyboard in Resources */ = {isa = PBXBuildFile; fileRef = F0DB458524AB5069002B5A8E /* LaunchScreen.storyboard */; };
/* End PBXBuildFile section */

/* Begin PBXFileReference section */
		F00AE4E524AF4C8000499212 /* ListTableViewCell.swift */ = {isa = PBXFileReference; lastKnownFileType = sourcecode.swift; path = ListTableViewCell.swift; sourceTree = "<group>"; };
		F00D9E1D24AC65AA00EDB5AE /* EUDetailTableViewController.swift */ = {isa = PBXFileReference; lastKnownFileType = sourcecode.swift; path = EUDetailTableViewController.swift; sourceTree = "<group>"; };
		F00D9E2124ACCE7800EDB5AE /* MemberItem.swift */ = {isa = PBXFileReference; lastKnownFileType = sourcecode.swift; path = MemberItem.swift; sourceTree = "<group>"; };
		F0DB457724AB5068002B5A8E /* EU.app */ = {isa = PBXFileReference; explicitFileType = wrapper.application; includeInIndex = 0; path = EU.app; sourceTree = BUILT_PRODUCTS_DIR; };
		F0DB457A24AB5068002B5A8E /* AppDelegate.swift */ = {isa = PBXFileReference; lastKnownFileType = sourcecode.swift; path = AppDelegate.swift; sourceTree = "<group>"; };
		F0DB457C24AB5068002B5A8E /* SceneDelegate.swift */ = {isa = PBXFileReference; lastKnownFileType = sourcecode.swift; path = SceneDelegate.swift; sourceTree = "<group>"; };
		F0DB457E24AB5068002B5A8E /* ViewController.swift */ = {isa = PBXFileReference; lastKnownFileType = sourcecode.swift; path = ViewController.swift; sourceTree = "<group>"; };
		F0DB458124AB5068002B5A8E /* Base */ = {isa = PBXFileReference; lastKnownFileType = file.storyboard; name = Base; path = Base.lproj/Main.storyboard; sourceTree = "<group>"; };
		F0DB458324AB5069002B5A8E /* Assets.xcassets */ = {isa = PBXFileReference; lastKnownFileType = folder.assetcatalog; path = Assets.xcassets; sourceTree = "<group>"; };
		F0DB458624AB5069002B5A8E /* Base */ = {isa = PBXFileReference; lastKnownFileType = file.storyboard; name = Base; path = Base.lproj/LaunchScreen.storyboard; sourceTree = "<group>"; };
		F0DB458824AB5069002B5A8E /* Info.plist */ = {isa = PBXFileReference; lastKnownFileType = text.plist.xml; path = Info.plist; sourceTree = "<group>"; };
/* End PBXFileReference section */

/* Begin PBXFrameworksBuildPhase section */
		F0DB457424AB5068002B5A8E /* Frameworks */ = {
			isa = PBXFrameworksBuildPhase;
			buildActionMask = 2147483647;
			files = (
			);
			runOnlyForDeploymentPostprocessing = 0;
		};
/* End PBXFrameworksBuildPhase section */

/* Begin PBXGroup section */
		F0DB456E24AB5068002B5A8E = {
			isa = PBXGroup;
			children = (
				F0DB457924AB5068002B5A8E /* EU */,
				F0DB457824AB5068002B5A8E /* Products */,
			);
			sourceTree = "<group>";
		};
		F0DB457824AB5068002B5A8E /* Products */ = {
			isa = PBXGroup;
			children = (
				F0DB457724AB5068002B5A8E /* EU.app */,
			);
			name = Products;
			sourceTree = "<group>";
		};
		F0DB457924AB5068002B5A8E /* EU */ = {
			isa = PBXGroup;
			children = (
				F0DB457A24AB5068002B5A8E /* AppDelegate.swift */,
				F0DB457C24AB5068002B5A8E /* SceneDelegate.swift */,
				F00D9E2124ACCE7800EDB5AE /* MemberItem.swift */,
				F0DB457E24AB5068002B5A8E /* ViewController.swift */,
				F00D9E1D24AC65AA00EDB5AE /* EUDetailTableViewController.swift */,
				F0DB458024AB5068002B5A8E /* Main.storyboard */,
				F00AE4E524AF4C8000499212 /* ListTableViewCell.swift */,
				F0DB458324AB5069002B5A8E /* Assets.xcassets */,
				F0DB458524AB5069002B5A8E /* LaunchScreen.storyboard */,
				F0DB458824AB5069002B5A8E /* Info.plist */,
			);
			path = EU;
			sourceTree = "<group>";
		};
/* End PBXGroup section */

/* Begin PBXNativeTarget section */
		F0DB457624AB5068002B5A8E /* EU */ = {
			isa = PBXNativeTarget;
			buildConfigurationList = F0DB458B24AB5069002B5A8E /* Build configuration list for PBXNativeTarget "EU" */;
			buildPhases = (
				F0DB457324AB5068002B5A8E /* Sources */,
				F0DB457424AB5068002B5A8E /* Frameworks */,
				F0DB457524AB5068002B5A8E /* Resources */,
			);
			buildRules = (
			);
			dependencies = (
			);
			name = EU;
			productName = EU;
			productReference = F0DB457724AB5068002B5A8E /* EU.app */;
			productType = "com.apple.product-type.application";
		};
/* End PBXNativeTarget section */

/* Begin PBXProject section */
		F0DB456F24AB5068002B5A8E /* Project object */ = {
			isa = PBXProject;
			attributes = {
				LastSwiftUpdateCheck = 1150;
				LastUpgradeCheck = 1150;
				ORGANIZATIONNAME = "Romain Francois";
				TargetAttributes = {
					F0DB457624AB5068002B5A8E = {
						CreatedOnToolsVersion = 11.5;
					};
				};
			};
			buildConfigurationList = F0DB457224AB5068002B5A8E /* Build configuration list for PBXProject "EU" */;
			compatibilityVersion = "Xcode 9.3";
			developmentRegion = en;
			hasScannedForEncodings = 0;
			knownRegions = (
				en,
				Base,
			);
			mainGroup = F0DB456E24AB5068002B5A8E;
			productRefGroup = F0DB457824AB5068002B5A8E /* Products */;
			projectDirPath = "";
			projectRoot = "";
			targets = (
				F0DB457624AB5068002B5A8E /* EU */,
			);
		};
/* End PBXProject section */

/* Begin PBXResourcesBuildPhase section */
		F0DB457524AB5068002B5A8E /* Resources */ = {
			isa = PBXResourcesBuildPhase;
			buildActionMask = 2147483647;
			files = (
				F0DB458724AB5069002B5A8E /* LaunchScreen.storyboard in Resources */,
				F0DB458424AB5069002B5A8E /* Assets.xcassets in Resources */,
				F0DB458224AB5068002B5A8E /* Main.storyboard in Resources */,
			);
			runOnlyForDeploymentPostprocessing = 0;
		};
/* End PBXResourcesBuildPhase section */

/* Begin PBXSourcesBuildPhase section */
		F0DB457324AB5068002B5A8E /* Sources */ = {
			isa = PBXSourcesBuildPhase;
			buildActionMask = 2147483647;
			files = (
				F00D9E1E24AC65AA00EDB5AE /* EUDetailTableViewController.swift in Sources */,
				F0DB457F24AB5068002B5A8E /* ViewController.swift in Sources */,
				F00D9E2224ACCE7800EDB5AE /* MemberItem.swift in Sources */,
				F0DB457B24AB5068002B5A8E /* AppDelegate.swift in Sources */,
				F0DB457D24AB5068002B5A8E /* SceneDelegate.swift in Sources */,
				F00AE4E624AF4C8000499212 /* ListTableViewCell.swift in Sources */,
			);
			runOnlyForDeploymentPostprocessing = 0;
		};
/* End PBXSourcesBuildPhase section */

/* Begin PBXVariantGroup section */
		F0DB458024AB5068002B5A8E /* Main.storyboard */ = {
			isa = PBXVariantGroup;
			children = (
				F0DB458124AB5068002B5A8E /* Base */,
			);
			name = Main.storyboard;
			sourceTree = "<group>";
		};
		F0DB458524AB5069002B5A8E /* LaunchScreen.storyboard */ = {
			isa = PBXVariantGroup;
			children = (
				F0DB458624AB5069002B5A8E /* Base */,
			);
			name = LaunchScreen.storyboard;
			sourceTree = "<group>";
		};
/* End PBXVariantGroup section */

/* Begin XCBuildConfiguration section */
		F0DB458924AB5069002B5A8E /* Debug */ = {
			isa = XCBuildConfiguration;
			buildSettings = {
				ALWAYS_SEARCH_USER_PATHS = NO;
				CLANG_ANALYZER_NONNULL = YES;
				CLANG_ANALYZER_NUMBER_OBJECT_CONVERSION = YES_AGGRESSIVE;
				CLANG_CXX_LANGUAGE_STANDARD = "gnu++14";
				CLANG_CXX_LIBRARY = "libc++";
				CLANG_ENABLE_MODULES = YES;
				CLANG_ENABLE_OBJC_ARC = YES;
				CLANG_ENABLE_OBJC_WEAK = YES;
				CLANG_WARN_BLOCK_CAPTURE_AUTORELEASING = YES;
				CLANG_WARN_BOOL_CONVERSION = YES;
				CLANG_WARN_COMMA = YES;
				CLANG_WARN_CONSTANT_CONVERSION = YES;
				CLANG_WARN_DEPRECATED_OBJC_IMPLEMENTATIONS = YES;
				CLANG_WARN_DIRECT_OBJC_ISA_USAGE = YES_ERROR;
				CLANG_WARN_DOCUMENTATION_COMMENTS = YES;
				CLANG_WARN_EMPTY_BODY = YES;
				CLANG_WARN_ENUM_CONVERSION = YES;
				CLANG_WARN_INFINITE_RECURSION = YES;
				CLANG_WARN_INT_CONVERSION = YES;
				CLANG_WARN_NON_LITERAL_NULL_CONVERSION = YES;
				CLANG_WARN_OBJC_IMPLICIT_RETAIN_SELF = YES;
				CLANG_WARN_OBJC_LITERAL_CONVERSION = YES;
				CLANG_WARN_OBJC_ROOT_CLASS = YES_ERROR;
				CLANG_WARN_RANGE_LOOP_ANALYSIS = YES;
				CLANG_WARN_STRICT_PROTOTYPES = YES;
				CLANG_WARN_SUSPICIOUS_MOVE = YES;
				CLANG_WARN_UNGUARDED_AVAILABILITY = YES_AGGRESSIVE;
				CLANG_WARN_UNREACHABLE_CODE = YES;
				CLANG_WARN__DUPLICATE_METHOD_MATCH = YES;
				COPY_PHASE_STRIP = NO;
				DEBUG_INFORMATION_FORMAT = dwarf;
				ENABLE_STRICT_OBJC_MSGSEND = YES;
				ENABLE_TESTABILITY = YES;
				GCC_C_LANGUAGE_STANDARD = gnu11;
				GCC_DYNAMIC_NO_PIC = NO;
				GCC_NO_COMMON_BLOCKS = YES;
				GCC_OPTIMIZATION_LEVEL = 0;
				GCC_PREPROCESSOR_DEFINITIONS = (
					"DEBUG=1",
					"$(inherited)",
				);
				GCC_WARN_64_TO_32_BIT_CONVERSION = YES;
				GCC_WARN_ABOUT_RETURN_TYPE = YES_ERROR;
				GCC_WARN_UNDECLARED_SELECTOR = YES;
				GCC_WARN_UNINITIALIZED_AUTOS = YES_AGGRESSIVE;
				GCC_WARN_UNUSED_FUNCTION = YES;
				GCC_WARN_UNUSED_VARIABLE = YES;
				IPHONEOS_DEPLOYMENT_TARGET = 13.5;
				MTL_ENABLE_DEBUG_INFO = INCLUDE_SOURCE;
				MTL_FAST_MATH = YES;
				ONLY_ACTIVE_ARCH = YES;
				SDKROOT = iphoneos;
				SWIFT_ACTIVE_COMPILATION_CONDITIONS = DEBUG;
				SWIFT_OPTIMIZATION_LEVEL = "-Onone";
			};
			name = Debug;
		};
		F0DB458A24AB5069002B5A8E /* Release */ = {
			isa = XCBuildConfiguration;
			buildSettings = {
				ALWAYS_SEARCH_USER_PATHS = NO;
				CLANG_ANALYZER_NONNULL = YES;
				CLANG_ANALYZER_NUMBER_OBJECT_CONVERSION = YES_AGGRESSIVE;
				CLANG_CXX_LANGUAGE_STANDARD = "gnu++14";
				CLANG_CXX_LIBRARY = "libc++";
				CLANG_ENABLE_MODULES = YES;
				CLANG_ENABLE_OBJC_ARC = YES;
				CLANG_ENABLE_OBJC_WEAK = YES;
				CLANG_WARN_BLOCK_CAPTURE_AUTORELEASING = YES;
				CLANG_WARN_BOOL_CONVERSION = YES;
				CLANG_WARN_COMMA = YES;
				CLANG_WARN_CONSTANT_CONVERSION = YES;
				CLANG_WARN_DEPRECATED_OBJC_IMPLEMENTATIONS = YES;
				CLANG_WARN_DIRECT_OBJC_ISA_USAGE = YES_ERROR;
				CLANG_WARN_DOCUMENTATION_COMMENTS = YES;
				CLANG_WARN_EMPTY_BODY = YES;
				CLANG_WARN_ENUM_CONVERSION = YES;
				CLANG_WARN_INFINITE_RECURSION = YES;
				CLANG_WARN_INT_CONVERSION = YES;
				CLANG_WARN_NON_LITERAL_NULL_CONVERSION = YES;
				CLANG_WARN_OBJC_IMPLICIT_RETAIN_SELF = YES;
				CLANG_WARN_OBJC_LITERAL_CONVERSION = YES;
				CLANG_WARN_OBJC_ROOT_CLASS = YES_ERROR;
				CLANG_WARN_RANGE_LOOP_ANALYSIS = YES;
				CLANG_WARN_STRICT_PROTOTYPES = YES;
				CLANG_WARN_SUSPICIOUS_MOVE = YES;
				CLANG_WARN_UNGUARDED_AVAILABILITY = YES_AGGRESSIVE;
				CLANG_WARN_UNREACHABLE_CODE = YES;
				CLANG_WARN__DUPLICATE_METHOD_MATCH = YES;
				COPY_PHASE_STRIP = NO;
				DEBUG_INFORMATION_FORMAT = "dwarf-with-dsym";
				ENABLE_NS_ASSERTIONS = NO;
				ENABLE_STRICT_OBJC_MSGSEND = YES;
				GCC_C_LANGUAGE_STANDARD = gnu11;
				GCC_NO_COMMON_BLOCKS = YES;
				GCC_WARN_64_TO_32_BIT_CONVERSION = YES;
				GCC_WARN_ABOUT_RETURN_TYPE = YES_ERROR;
				GCC_WARN_UNDECLARED_SELECTOR = YES;
				GCC_WARN_UNINITIALIZED_AUTOS = YES_AGGRESSIVE;
				GCC_WARN_UNUSED_FUNCTION = YES;
				GCC_WARN_UNUSED_VARIABLE = YES;
				IPHONEOS_DEPLOYMENT_TARGET = 13.5;
				MTL_ENABLE_DEBUG_INFO = NO;
				MTL_FAST_MATH = YES;
				SDKROOT = iphoneos;
				SWIFT_COMPILATION_MODE = wholemodule;
				SWIFT_OPTIMIZATION_LEVEL = "-O";
				VALIDATE_PRODUCT = YES;
			};
			name = Release;
		};
		F0DB458C24AB5069002B5A8E /* Debug */ = {
			isa = XCBuildConfiguration;
			buildSettings = {
				ASSETCATALOG_COMPILER_APPICON_NAME = AppIcon;
				CODE_SIGN_STYLE = Automatic;
				DEVELOPMENT_TEAM = CH5PVURW9G;
				INFOPLIST_FILE = EU/Info.plist;
				LD_RUNPATH_SEARCH_PATHS = (
					"$(inherited)",
					"@executable_path/Frameworks",
				);
				PRODUCT_BUNDLE_IDENTIFIER = com.romainfrancois.ios.EU;
				PRODUCT_NAME = "$(TARGET_NAME)";
				SWIFT_VERSION = 5.0;
				TARGETED_DEVICE_FAMILY = "1,2";
			};
			name = Debug;
		};
		F0DB458D24AB5069002B5A8E /* Release */ = {
			isa = XCBuildConfiguration;
			buildSettings = {
				ASSETCATALOG_COMPILER_APPICON_NAME = AppIcon;
				CODE_SIGN_STYLE = Automatic;
				DEVELOPMENT_TEAM = CH5PVURW9G;
				INFOPLIST_FILE = EU/Info.plist;
				LD_RUNPATH_SEARCH_PATHS = (
					"$(inherited)",
					"@executable_path/Frameworks",
				);
				PRODUCT_BUNDLE_IDENTIFIER = com.romainfrancois.ios.EU;
				PRODUCT_NAME = "$(TARGET_NAME)";
				SWIFT_VERSION = 5.0;
				TARGETED_DEVICE_FAMILY = "1,2";
			};
			name = Release;
		};
/* End XCBuildConfiguration section */

/* Begin XCConfigurationList section */
		F0DB457224AB5068002B5A8E /* Build configuration list for PBXProject "EU" */ = {
			isa = XCConfigurationList;
			buildConfigurations = (
				F0DB458924AB5069002B5A8E /* Debug */,
				F0DB458A24AB5069002B5A8E /* Release */,
			);
			defaultConfigurationIsVisible = 0;
			defaultConfigurationName = Release;
		};
		F0DB458B24AB5069002B5A8E /* Build configuration list for PBXNativeTarget "EU" */ = {
			isa = XCConfigurationList;
			buildConfigurations = (
				F0DB458C24AB5069002B5A8E /* Debug */,
				F0DB458D24AB5069002B5A8E /* Release */,
			);
			defaultConfigurationIsVisible = 0;
			defaultConfigurationName = Release;
		};
/* End XCConfigurationList section */
	};
	rootObject = F0DB456F24AB5068002B5A8E /* Project object */;
}
